
Microsoft Visual Studio Solution File, Format Version 12.00
# Visual Studio Version 17
VisualStudioVersion = 17.3.32901.215
MinimumVisualStudioVersion = 10.0.40219.1
Project("{FAE04EC0-301F-11D3-BF4B-00C04F79EFBC}") = "SisEnum", "SisEnum\SisEnum.csproj", "{4C13D0CE-06EC-44DC-A2BE-34792DB72DD1}"
EndProject
Global
	GlobalSection(SolutionConfigurationPlatforms) = preSolution
		Debug|Any CPU = Debug|Any CPU
		Release|Any CPU = Release|Any CPU
	EndGlobalSection
	GlobalSection(ProjectConfigurationPlatforms) = postSolution
		{4C13D0CE-06EC-44DC-A2BE-34792DB72DD1}.Debug|Any CPU.ActiveCfg = Debug|Any CPU
		{4C13D0CE-06EC-44DC-A2BE-34792DB72DD1}.Debug|Any CPU.Build.0 = Debug|Any CPU
		{4C13D0CE-06EC-44DC-A2BE-34792DB72DD1}.Release|Any CPU.ActiveCfg = Release|Any CPU
		{4C13D0CE-06EC-44DC-A2BE-34792DB72DD1}.Release|Any CPU.Build.0 = Release|Any CPU
	EndGlobalSection
	GlobalSection(SolutionProperties) = preSolution
		HideSolutionNode = FALSE
	EndGlobalSection
	GlobalSection(ExtensibilityGlobals) = postSolution
		SolutionGuid = {4392B4C8-D812-43C2-AE84-28175A740DD0}
	EndGlobalSection
EndGlobal
